Microsoft Visual Studio Solution File, Format Version 12.00
# Visual Studio Version 17
VisualStudioVersion = 17.5.2.0
MinimumVisualStudioVersion = 10.0.40219.1
Project("{FAE04EC0-301F-11D3-BF4B-00C04F79EFBC}") = "FitMindAI", "FitMindAI\FitMindAI.csproj", "{49FCF695-49A2-C37B-DBAE-A330DBE2E2F1}"
EndProject
Global
	GlobalSection(SolutionConfigurationPlatforms) = preSolution
		Debug|Any CPU = Debug|Any CPU
		Release|Any CPU = Release|Any CPU
	EndGlobalSection
	GlobalSection(ProjectConfigurationPlatforms) = postSolution
		{49FCF695-49A2-C37B-DBAE-A330DBE2E2F1}.Debug|Any CPU.ActiveCfg = Debug|Any CPU
		{49FCF695-49A2-C37B-DBAE-A330DBE2E2F1}.Debug|Any CPU.Build.0 = Debug|Any CPU
		{49FCF695-49A2-C37B-DBAE-A330DBE2E2F1}.Release|Any CPU.ActiveCfg = Release|Any CPU
		{49FCF695-49A2-C37B-DBAE-A330DBE2E2F1}.Release|Any CPU.Build.0 = Release|Any CPU
	EndGlobalSection
	GlobalSection(SolutionProperties) = preSolution
		HideSolutionNode = FALSE
	EndGlobalSection
	GlobalSection(ExtensibilityGlobals) = postSolution
		SolutionGuid = {BF2BD7BA-93E2-4953-A809-3312F92920B3}
	EndGlobalSection
EndGlobal
